<?xml version="1.0" encoding="utf-8"?>
<Project ToolsVersion="4.0" xmlns="http://schemas.microsoft.com/developer/msbuild/2003">
  <ItemGroup>
    <ClCompile Include="Console.cpp" />
    <ClCompile Include="ConsoleColor.cpp" />
    <ClCompile Include="ConsoleContext.cpp" />
    <ClCompile Include="ConsoleImage.cpp" />
    <ClCompile Include="ConsoleKeyEvent.cpp" />
    <ClCompile Include="ConsoleKeyFilterDown.cpp" />
    <ClCompile Include="ConsoleKeyFilterModifiers.cpp" />
    <ClCompile Include="ConsoleKeyFilterUp.cpp" />
    <ClCompile Include="ConsoleKeyReader.cpp" />
    <ClCompile Include="ConsoleWriter.cpp" />
    <ClCompile Include="Controller.cpp" />
    <ClCompile Include="Fruit.cpp" />
    <ClCompile Include="Game.cpp" />
    <ClCompile Include="GameArea.cpp" />
    <ClCompile Include="GameMultiPlayer.cpp" />
    <ClCompile Include="GamePlateformer.cpp" />
    <ClCompile Include="GameSinglePlayer.cpp" />
    <ClCompile Include="GreenFruit.cpp" />
    <ClCompile Include="main.cpp" />
    <ClCompile Include="Point.cpp" />
    <ClCompile Include="PurpleFruit.cpp" />
    <ClCompile Include="Random.cpp" />
    <ClCompile Include="RedFruit.cpp" />
    <ClCompile Include="SinglePlayerAutomaton.cpp" />
    <ClCompile Include="Snake.cpp" />
    <ClCompile Include="YellowFruit.cpp" />
  </ItemGroup>
  <ItemGroup>
    <ClInclude Include="Console.h" />
    <ClInclude Include="ConsoleColor.h" />
    <ClInclude Include="ConsoleContext.h" />
    <ClInclude Include="ConsoleImage.h" />
    <ClInclude Include="ConsoleKeyEvent.h" />
    <ClInclude Include="ConsoleKeyFilter.h" />
    <ClInclude Include="ConsoleKeyFilterAny.h" />
    <ClInclude Include="ConsoleKeyFilterDown.h" />
    <ClInclude Include="ConsoleKeyFilterModifiers.h" />
    <ClInclude Include="ConsoleKeyFilterUp.h" />
    <ClInclude Include="ConsoleKeyReader.h" />
    <ClInclude Include="ConsoleWriter.h" />
    <ClInclude Include="Controller.h" />
    <ClInclude Include="Fruit.h" />
    <ClInclude Include="Game.h" />
    <ClInclude Include="GameArea.h" />
    <ClInclude Include="GameMultiPlayer.h" />
    <ClInclude Include="GamePlateformer.h" />
    <ClInclude Include="GameSinglePlayer.h" />
    <ClInclude Include="GreenFruit.h" />
    <ClInclude Include="Player.h" />
    <ClInclude Include="Point.h" />
    <ClInclude Include="PurpleFruit.h" />
    <ClInclude Include="Random.h" />
    <ClInclude Include="RedFruit.h" />
    <ClInclude Include="SinglePlayerAutomaton.h" />
    <ClInclude Include="Snake.h" />
    <ClInclude Include="YellowFruit.h" />
  </ItemGroup>
  <ItemGroup>
    <None Include="Console" />
  </ItemGroup>
</Project>