<?xml version="1.0" encoding="utf-8"?>
<Project ToolsVersion="4.0" xmlns="http://schemas.microsoft.com/developer/msbuild/2003">
  <ItemGroup>
    <Filter Include="CPP">
      <UniqueIdentifier>{19931b4a-dc00-44a1-9963-fad15a49a5a3}</UniqueIdentifier>
    </Filter>
    <Filter Include="Headder">
      <UniqueIdentifier>{c5bf5cd9-5c35-469d-b226-91035e219f1c}</UniqueIdentifier>
    </Filter>
    <Filter Include="Headder\Autre">
      <UniqueIdentifier>{3be23ad1-4fe3-496f-a211-2e1a319aabe6}</UniqueIdentifier>
    </Filter>
    <Filter Include="Headder\Game">
      <UniqueIdentifier>{dd0b0de7-17a6-4969-8b0c-cbe91f7d829c}</UniqueIdentifier>
    </Filter>
    <Filter Include="Headder\Console">
      <UniqueIdentifier>{a0d4b39c-7bec-409d-ba57-5ed3ce375a28}</UniqueIdentifier>
    </Filter>
    <Filter Include="CPP\Auter">
      <UniqueIdentifier>{1e1447d1-1fd3-4bbc-8292-04886bc1bd42}</UniqueIdentifier>
    </Filter>
    <Filter Include="CPP\Game">
      <UniqueIdentifier>{8b9760e4-cf24-48b7-8577-89985e82a7ea}</UniqueIdentifier>
    </Filter>
    <Filter Include="CPP\Console">
      <UniqueIdentifier>{e3462f00-ea9f-445d-8d3a-b7d534a960d0}</UniqueIdentifier>
    </Filter>
  </ItemGroup>
  <ItemGroup>
    <ClCompile Include="Console.cpp">
      <Filter>CPP\Console</Filter>
    </ClCompile>
    <ClCompile Include="ConsoleColor.cpp">
      <Filter>CPP\Console</Filter>
    </ClCompile>
    <ClCompile Include="ConsoleContext.cpp">
      <Filter>CPP\Console</Filter>
    </ClCompile>
    <ClCompile Include="ConsoleImage.cpp">
      <Filter>CPP\Console</Filter>
    </ClCompile>
    <ClCompile Include="ConsoleKeyEvent.cpp">
      <Filter>CPP\Console</Filter>
    </ClCompile>
    <ClCompile Include="ConsoleKeyFilterDown.cpp">
      <Filter>CPP\Console</Filter>
    </ClCompile>
    <ClCompile Include="ConsoleKeyFilterModifiers.cpp">
      <Filter>CPP\Console</Filter>
    </ClCompile>
    <ClCompile Include="ConsoleKeyFilterUp.cpp">
      <Filter>CPP\Console</Filter>
    </ClCompile>
    <ClCompile Include="ConsoleKeyReader.cpp">
      <Filter>CPP\Console</Filter>
    </ClCompile>
    <ClCompile Include="ConsoleWriter.cpp">
      <Filter>CPP\Console</Filter>
    </ClCompile>
    <ClCompile Include="Fruit.cpp">
      <Filter>CPP\Game</Filter>
    </ClCompile>
    <ClCompile Include="GameArea.cpp">
      <Filter>CPP\Game</Filter>
    </ClCompile>
    <ClCompile Include="GameMultiPlayer.cpp">
      <Filter>CPP\Game</Filter>
    </ClCompile>
    <ClCompile Include="GamePlateformer.cpp">
      <Filter>CPP\Game</Filter>
    </ClCompile>
    <ClCompile Include="GameSinglePlayer.cpp">
      <Filter>CPP\Game</Filter>
    </ClCompile>
    <ClCompile Include="GreenFruit.cpp">
      <Filter>CPP\Game</Filter>
    </ClCompile>
    <ClCompile Include="Player.cpp">
      <Filter>CPP\Game</Filter>
    </ClCompile>
    <ClCompile Include="Point.cpp">
      <Filter>CPP\Game</Filter>
    </ClCompile>
    <ClCompile Include="PurpleFruit.cpp">
      <Filter>CPP\Game</Filter>
    </ClCompile>
    <ClCompile Include="RedFruit.cpp">
      <Filter>CPP\Game</Filter>
    </ClCompile>
    <ClCompile Include="SinglePlayerAutomaton.cpp">
      <Filter>CPP\Game</Filter>
    </ClCompile>
    <ClCompile Include="Snake.cpp">
      <Filter>CPP\Game</Filter>
    </ClCompile>
    <ClCompile Include="Transactions.cpp">
      <Filter>CPP\Game</Filter>
    </ClCompile>
    <ClCompile Include="YellowFruit.cpp">
      <Filter>CPP\Game</Filter>
    </ClCompile>
    <ClCompile Include="Game.cpp">
      <Filter>CPP\Game</Filter>
    </ClCompile>
    <ClCompile Include="Controller.cpp">
      <Filter>CPP\Auter</Filter>
    </ClCompile>
    <ClCompile Include="main.cpp">
      <Filter>CPP\Auter</Filter>
    </ClCompile>
    <ClCompile Include="Random.cpp">
      <Filter>CPP\Auter</Filter>
    </ClCompile>
    <ClCompile Include="MultiPlayerAutomaton.cpp">
      <Filter>CPP\Game</Filter>
    </ClCompile>
    <ClCompile Include="PlateformerAutomaton.cpp">
      <Filter>CPP\Game</Filter>
    </ClCompile>
    <ClCompile Include="Obstacle.cpp">
      <Filter>CPP\Game</Filter>
    </ClCompile>
  </ItemGroup>
  <ItemGroup>
    <ClInclude Include="Console.h">
      <Filter>Headder\Console</Filter>
    </ClInclude>
    <ClInclude Include="ConsoleColor.h">
      <Filter>Headder\Console</Filter>
    </ClInclude>
    <ClInclude Include="ConsoleContext.h">
      <Filter>Headder\Console</Filter>
    </ClInclude>
    <ClInclude Include="ConsoleImage.h">
      <Filter>Headder\Console</Filter>
    </ClInclude>
    <ClInclude Include="ConsoleKeyEvent.h">
      <Filter>Headder\Console</Filter>
    </ClInclude>
    <ClInclude Include="ConsoleKeyFilter.h">
      <Filter>Headder\Console</Filter>
    </ClInclude>
    <ClInclude Include="ConsoleKeyFilterAny.h">
      <Filter>Headder\Console</Filter>
    </ClInclude>
    <ClInclude Include="ConsoleKeyFilterDown.h">
      <Filter>Headder\Console</Filter>
    </ClInclude>
    <ClInclude Include="ConsoleKeyFilterModifiers.h">
      <Filter>Headder\Console</Filter>
    </ClInclude>
    <ClInclude Include="ConsoleKeyFilterUp.h">
      <Filter>Headder\Console</Filter>
    </ClInclude>
    <ClInclude Include="ConsoleKeyReader.h">
      <Filter>Headder\Console</Filter>
    </ClInclude>
    <ClInclude Include="ConsoleWriter.h">
      <Filter>Headder\Console</Filter>
    </ClInclude>
    <ClInclude Include="Fruit.h">
      <Filter>Headder\Game</Filter>
    </ClInclude>
    <ClInclude Include="Game.h">
      <Filter>Headder\Game</Filter>
    </ClInclude>
    <ClInclude Include="GameArea.h">
      <Filter>Headder\Game</Filter>
    </ClInclude>
    <ClInclude Include="GameMultiPlayer.h">
      <Filter>Headder\Game</Filter>
    </ClInclude>
    <ClInclude Include="GamePlateformer.h">
      <Filter>Headder\Game</Filter>
    </ClInclude>
    <ClInclude Include="GameSinglePlayer.h">
      <Filter>Headder\Game</Filter>
    </ClInclude>
    <ClInclude Include="GreenFruit.h">
      <Filter>Headder\Game</Filter>
    </ClInclude>
    <ClInclude Include="Player.h">
      <Filter>Headder\Game</Filter>
    </ClInclude>
    <ClInclude Include="Point.h">
      <Filter>Headder\Game</Filter>
    </ClInclude>
    <ClInclude Include="PurpleFruit.h">
      <Filter>Headder\Game</Filter>
    </ClInclude>
    <ClInclude Include="RedFruit.h">
      <Filter>Headder\Game</Filter>
    </ClInclude>
    <ClInclude Include="SinglePlayerAutomaton.h">
      <Filter>Headder\Game</Filter>
    </ClInclude>
    <ClInclude Include="Snake.h">
      <Filter>Headder\Game</Filter>
    </ClInclude>
    <ClInclude Include="Transactions.h">
      <Filter>Headder\Game</Filter>
    </ClInclude>
    <ClInclude Include="YellowFruit.h">
      <Filter>Headder\Game</Filter>
    </ClInclude>
    <ClInclude Include="Random.h">
      <Filter>Headder\Autre</Filter>
    </ClInclude>
    <ClInclude Include="Controller.h">
      <Filter>Headder\Autre</Filter>
    </ClInclude>
    <ClInclude Include="ElapsedTimer.h">
      <Filter>Headder\Autre</Filter>
    </ClInclude>
    <ClInclude Include="MultiPlayerAutomaton.h">
      <Filter>Headder\Game</Filter>
    </ClInclude>
    <ClInclude Include="PlateformerAutomaton.h">
      <Filter>Headder\Game</Filter>
    </ClInclude>
    <ClInclude Include="Obstacle.h">
      <Filter>Headder\Game</Filter>
    </ClInclude>
  </ItemGroup>
  <ItemGroup>
    <None Include="Console">
      <Filter>Headder\Console</Filter>
    </None>
  </ItemGroup>
</Project>